
Microsoft Visual Studio Solution File, Format Version 12.00
# Visual Studio Version 17
VisualStudioVersion = 17.3.32929.385
MinimumVisualStudioVersion = 10.0.40219.1
Project("{FAE04EC0-301F-11D3-BF4B-00C04F79EFBC}") = "otus-hw-40", "otus-hw-40.csproj", "{D648B06F-8151-442D-AB2F-BDBEC8D3487F}"
EndProject
Global
	GlobalSection(SolutionConfigurationPlatforms) = preSolution
		Debug|Any CPU = Debug|Any CPU
		Release|Any CPU = Release|Any CPU
	EndGlobalSection
	GlobalSection(ProjectConfigurationPlatforms) = postSolution
		{D648B06F-8151-442D-AB2F-BDBEC8D3487F}.Debug|Any CPU.ActiveCfg = Debug|Any CPU
		{D648B06F-8151-442D-AB2F-BDBEC8D3487F}.Debug|Any CPU.Build.0 = Debug|Any CPU
		{D648B06F-8151-442D-AB2F-BDBEC8D3487F}.Release|Any CPU.ActiveCfg = Release|Any CPU
		{D648B06F-8151-442D-AB2F-BDBEC8D3487F}.Release|Any CPU.Build.0 = Release|Any CPU
	EndGlobalSection
	GlobalSection(SolutionProperties) = preSolution
		HideSolutionNode = FALSE
	EndGlobalSection
	GlobalSection(ExtensibilityGlobals) = postSolution
		SolutionGuid = {134AF686-1584-41F0-B0FA-27A41A2F147B}
	EndGlobalSection
EndGlobal
